
Microsoft Visual Studio Solution File, Format Version 12.00
# Visual Studio 2013
VisualStudioVersion = 12.0.30501.0
MinimumVisualStudioVersion = 10.0.40219.1
Project("{E24C65DC-7377-472B-9ABA-BC803B73C61A}") = "UserScripts", "http://localhost:28135", "{84E071CC-91B5-4DF8-9CC5-FC6A59EC1DAD}"
	ProjectSection(WebsiteProperties) = preProject
		UseIISExpress = "true"
		TargetFrameworkMoniker = ".NETFramework,Version%3Dv4.0"
		Debug.AspNetCompiler.VirtualPath = "/localhost_28135"
		Debug.AspNetCompiler.PhysicalPath = "..\..\..\UserScripts\"
		Debug.AspNetCompiler.TargetPath = "PrecompiledWeb\localhost_28135\"
		Debug.AspNetCompiler.Updateable = "true"
		Debug.AspNetCompiler.ForceOverwrite = "true"
		Debug.AspNetCompiler.FixedNames = "false"
		Debug.AspNetCompiler.Debug = "True"
		Release.AspNetCompiler.VirtualPath = "/localhost_28135"
		Release.AspNetCompiler.PhysicalPath = "..\..\..\UserScripts\"
		Release.AspNetCompiler.TargetPath = "PrecompiledWeb\localhost_28135\"
		Release.AspNetCompiler.Updateable = "true"
		Release.AspNetCompiler.ForceOverwrite = "true"
		Release.AspNetCompiler.FixedNames = "false"
		Release.AspNetCompiler.Debug = "False"
		SlnRelativePath = "..\..\..\UserScripts\"
	EndProjectSection
EndProject
Project("{2150E333-8FDC-42A3-9474-1A3956D46DE8}") = "Solution Items", "Solution Items", "{ACB41116-C63E-498E-9150-8BB0451F77CC}"
	ProjectSection(SolutionItems) = preProject
		WE-Markdown.css = WE-Markdown.css
		WebEssentials-Settings.json = WebEssentials-Settings.json
	EndProjectSection
EndProject
Global
	GlobalSection(SolutionConfigurationPlatforms) = preSolution
		Debug|Any CPU = Debug|Any CPU
	EndGlobalSection
	GlobalSection(ProjectConfigurationPlatforms) = postSolution
		{84E071CC-91B5-4DF8-9CC5-FC6A59EC1DAD}.Debug|Any CPU.ActiveCfg = Debug|Any CPU
		{84E071CC-91B5-4DF8-9CC5-FC6A59EC1DAD}.Debug|Any CPU.Build.0 = Debug|Any CPU
	EndGlobalSection
	GlobalSection(SolutionProperties) = preSolution
		HideSolutionNode = FALSE
	EndGlobalSection
EndGlobal
